
Microsoft Visual Studio Solution File, Format Version 12.00
Project("{FAE04EC0-301F-11D3-BF4B-00C04F79EFBC}") = "AgrirouterApiProtobufDefinitions", "AgrirouterApiProtobufDefinitions\AgrirouterApiProtobufDefinitions.csproj", "{8B7BA098-2426-4F17-B607-B422FE2A33EB}"
EndProject
Global
	GlobalSection(SolutionConfigurationPlatforms) = preSolution
		Debug|Any CPU = Debug|Any CPU
		Release|Any CPU = Release|Any CPU
	EndGlobalSection
	GlobalSection(ProjectConfigurationPlatforms) = postSolution
		{8B7BA098-2426-4F17-B607-B422FE2A33EB}.Debug|Any CPU.ActiveCfg = Debug|Any CPU
		{8B7BA098-2426-4F17-B607-B422FE2A33EB}.Debug|Any CPU.Build.0 = Debug|Any CPU
		{8B7BA098-2426-4F17-B607-B422FE2A33EB}.Release|Any CPU.ActiveCfg = Release|Any CPU
		{8B7BA098-2426-4F17-B607-B422FE2A33EB}.Release|Any CPU.Build.0 = Release|Any CPU
	EndGlobalSection
EndGlobal
